<?xml version="1.0" encoding="utf-8"?>
<Project ToolsVersion="4.0" xmlns="http://schemas.microsoft.com/developer/msbuild/2003">
  <ItemGroup>
    <Filter Include="源文件">
      <UniqueIdentifier>{4FC737F1-C7A5-4376-A066-2A32D752A2FF}</UniqueIdentifier>
      <Extensions>cpp;c;cc;cxx;c++;cppm;ixx;def;odl;idl;hpj;bat;asm;asmx</Extensions>
    </Filter>
    <Filter Include="头文件">
      <UniqueIdentifier>{93995380-89BD-4b04-88EB-625FBE52EBFB}</UniqueIdentifier>
      <Extensions>h;hh;hpp;hxx;h++;hm;inl;inc;ipp;xsd</Extensions>
    </Filter>
    <Filter Include="资源文件">
      <UniqueIdentifier>{67DA6AB6-F800-4c08-8B7A-83BB121AAD01}</UniqueIdentifier>
      <Extensions>rc;ico;cur;bmp;dlg;rc2;rct;bin;rgs;gif;jpg;jpeg;jpe;resx;tiff;tif;png;wav;mfcribbon-ms</Extensions>
    </Filter>
  </ItemGroup>
  <ItemGroup>
    <ClCompile Include="01HelloWorld.cpp">
      <Filter>源文件</Filter>
    </ClCompile>
    <ClCompile Include="02注释.cpp">
      <Filter>源文件</Filter>
    </ClCompile>
    <ClCompile Include="03变量.cpp">
      <Filter>源文件</Filter>
    </ClCompile>
    <ClCompile Include="04常量.cpp">
      <Filter>源文件</Filter>
    </ClCompile>
    <ClCompile Include="05关键字.cpp">
      <Filter>源文件</Filter>
    </ClCompile>
    <ClCompile Include="06标识符.cpp">
      <Filter>源文件</Filter>
    </ClCompile>
    <ClCompile Include="07数据类型.cpp">
      <Filter>源文件</Filter>
    </ClCompile>
    <ClCompile Include="08sizeof关键字.cpp">
      <Filter>源文件</Filter>
    </ClCompile>
    <ClCompile Include="09实型（浮点型）.cpp">
      <Filter>源文件</Filter>
    </ClCompile>
    <ClCompile Include="10字符型.cpp">
      <Filter>源文件</Filter>
    </ClCompile>
    <ClCompile Include="11转义字符.cpp">
      <Filter>源文件</Filter>
    </ClCompile>
    <ClCompile Include="12字符串型.cpp">
      <Filter>源文件</Filter>
    </ClCompile>
    <ClCompile Include="13布尔类型.cpp">
      <Filter>源文件</Filter>
    </ClCompile>
    <ClCompile Include="14数据的输入.cpp">
      <Filter>源文件</Filter>
    </ClCompile>
    <ClCompile Include="15运算符-加减乘除.cpp">
      <Filter>源文件</Filter>
    </ClCompile>
    <ClCompile Include="16运算符-前置后置递增递减.cpp">
      <Filter>源文件</Filter>
    </ClCompile>
    <ClCompile Include="17运算符-比较运算符.cpp">
      <Filter>源文件</Filter>
    </ClCompile>
    <ClCompile Include="18运算符-逻辑运算符.cpp">
      <Filter>源文件</Filter>
    </ClCompile>
    <ClCompile Include="19选择结构.cpp">
      <Filter>源文件</Filter>
    </ClCompile>
    <ClCompile Include="20三目运算符.cpp">
      <Filter>源文件</Filter>
    </ClCompile>
    <ClCompile Include="21switch运算符.cpp">
      <Filter>源文件</Filter>
    </ClCompile>
    <ClCompile Include="22while循环.cpp">
      <Filter>源文件</Filter>
    </ClCompile>
    <ClCompile Include="23while循环-猜数字案例.cpp">
      <Filter>源文件</Filter>
    </ClCompile>
    <ClCompile Include="24do-while循环.cpp">
      <Filter>源文件</Filter>
    </ClCompile>
    <ClCompile Include="25do-while循环-水仙花数案例.cpp">
      <Filter>源文件</Filter>
    </ClCompile>
    <ClCompile Include="26for循环.cpp">
      <Filter>源文件</Filter>
    </ClCompile>
    <ClCompile Include="27for循环-敲桌子案例.cpp">
      <Filter>源文件</Filter>
    </ClCompile>
    <ClCompile Include="28嵌套循环.cpp">
      <Filter>源文件</Filter>
    </ClCompile>
    <ClCompile Include="29嵌套循环-乘法口诀表案例.cpp">
      <Filter>源文件</Filter>
    </ClCompile>
    <ClCompile Include="30跳转语句-continue.cpp">
      <Filter>源文件</Filter>
    </ClCompile>
    <ClCompile Include="31跳转语句-goto.cpp">
      <Filter>源文件</Filter>
    </ClCompile>
  </ItemGroup>
</Project>