<?xml version="1.0" encoding="utf-8"?>
<Project ToolsVersion="4.0" xmlns="http://schemas.microsoft.com/developer/msbuild/2003">
  <ItemGroup>
    <Filter Include="源文件">
      <UniqueIdentifier>{4FC737F1-C7A5-4376-A066-2A32D752A2FF}</UniqueIdentifier>
      <Extensions>cpp;c;cc;cxx;c++;cppm;ixx;def;odl;idl;hpj;bat;asm;asmx</Extensions>
    </Filter>
    <Filter Include="头文件">
      <UniqueIdentifier>{93995380-89BD-4b04-88EB-625FBE52EBFB}</UniqueIdentifier>
      <Extensions>h;hh;hpp;hxx;h++;hm;inl;inc;ipp;xsd</Extensions>
    </Filter>
    <Filter Include="资源文件">
      <UniqueIdentifier>{67DA6AB6-F800-4c08-8B7A-83BB121AAD01}</UniqueIdentifier>
      <Extensions>rc;ico;cur;bmp;dlg;rc2;rct;bin;rgs;gif;jpg;jpeg;jpe;resx;tiff;tif;png;wav;mfcribbon-ms</Extensions>
    </Filter>
  </ItemGroup>
  <ItemGroup>
    <ClCompile Include="01vector存放内置数据类型.cpp">
      <Filter>源文件</Filter>
    </ClCompile>
    <ClCompile Include="02vector存放自定义数据类型.cpp">
      <Filter>源文件</Filter>
    </ClCompile>
    <ClCompile Include="03容器嵌套容器.cpp">
      <Filter>源文件</Filter>
    </ClCompile>
    <ClCompile Include="04string容器-构造函数.cpp">
      <Filter>源文件</Filter>
    </ClCompile>
    <ClCompile Include="05string容器-赋值操作.cpp">
      <Filter>源文件</Filter>
    </ClCompile>
    <ClCompile Include="06string容器-字符串拼接.cpp">
      <Filter>源文件</Filter>
    </ClCompile>
    <ClCompile Include="07string容器-字符串查找和替换.cpp">
      <Filter>源文件</Filter>
    </ClCompile>
    <ClCompile Include="08string容器-字符串比较.cpp">
      <Filter>源文件</Filter>
    </ClCompile>
    <ClCompile Include="09string容器-字符读写.cpp">
      <Filter>源文件</Filter>
    </ClCompile>
    <ClCompile Include="10string容器-字符串插入和删除.cpp">
      <Filter>源文件</Filter>
    </ClCompile>
    <ClCompile Include="11string容器-字串获取.cpp">
      <Filter>源文件</Filter>
    </ClCompile>
    <ClCompile Include="12vector容器-构造函数.cpp">
      <Filter>源文件</Filter>
    </ClCompile>
    <ClCompile Include="13vector容器-赋值操作.cpp">
      <Filter>源文件</Filter>
    </ClCompile>
    <ClCompile Include="14vector容器-容量和大小.cpp">
      <Filter>源文件</Filter>
    </ClCompile>
    <ClCompile Include="15vector容器-插入和删除.cpp">
      <Filter>源文件</Filter>
    </ClCompile>
    <ClCompile Include="16vector容器-数据读写.cpp">
      <Filter>源文件</Filter>
    </ClCompile>
    <ClCompile Include="17vector容器-互换容器.cpp">
      <Filter>源文件</Filter>
    </ClCompile>
    <ClCompile Include="18vector容器-预留空间.cpp">
      <Filter>源文件</Filter>
    </ClCompile>
    <ClCompile Include="19deque容器-构造函数.cpp">
      <Filter>源文件</Filter>
    </ClCompile>
    <ClCompile Include="20deque容器-赋值操作.cpp">
      <Filter>源文件</Filter>
    </ClCompile>
    <ClCompile Include="21deque容器-大小操作.cpp">
      <Filter>源文件</Filter>
    </ClCompile>
    <ClCompile Include="22deque容器-插入和删除.cpp">
      <Filter>源文件</Filter>
    </ClCompile>
    <ClCompile Include="23deque容器-数据存取.cpp">
      <Filter>源文件</Filter>
    </ClCompile>
    <ClCompile Include="24deque容器-排序操作.cpp">
      <Filter>源文件</Filter>
    </ClCompile>
    <ClCompile Include="25STL案例1-评委打分.cpp">
      <Filter>源文件</Filter>
    </ClCompile>
    <ClCompile Include="26stack容器-常用接口.cpp">
      <Filter>源文件</Filter>
    </ClCompile>
    <ClCompile Include="27queue容器-常用接口.cpp">
      <Filter>源文件</Filter>
    </ClCompile>
    <ClCompile Include="28list容器-构造函数.cpp">
      <Filter>源文件</Filter>
    </ClCompile>
    <ClCompile Include="29list容器-赋值和交换.cpp">
      <Filter>源文件</Filter>
    </ClCompile>
    <ClCompile Include="30list容器-大小操作.cpp">
      <Filter>源文件</Filter>
    </ClCompile>
    <ClCompile Include="31list容器-插入和删除.cpp">
      <Filter>源文件</Filter>
    </ClCompile>
    <ClCompile Include="32list容器-数据存取.cpp">
      <Filter>源文件</Filter>
    </ClCompile>
    <ClCompile Include="33list容器-反转和排序.cpp">
      <Filter>源文件</Filter>
    </ClCompile>
    <ClCompile Include="34list容器-排序案例.cpp">
      <Filter>源文件</Filter>
    </ClCompile>
    <ClCompile Include="35set容器-构造和赋值.cpp">
      <Filter>源文件</Filter>
    </ClCompile>
    <ClCompile Include="36set容器-大小和交换.cpp">
      <Filter>源文件</Filter>
    </ClCompile>
    <ClCompile Include="37set容器-插入和删除.cpp">
      <Filter>源文件</Filter>
    </ClCompile>
    <ClCompile Include="38set容器-查找和统计.cpp">
      <Filter>源文件</Filter>
    </ClCompile>
    <ClCompile Include="39set容器-set和multi区别.cpp">
      <Filter>源文件</Filter>
    </ClCompile>
    <ClCompile Include="40set容器-pair对组的创建.cpp">
      <Filter>源文件</Filter>
    </ClCompile>
    <ClCompile Include="41set容器-内置类型指定排序规则.cpp">
      <Filter>源文件</Filter>
    </ClCompile>
    <ClCompile Include="42set容器-自定义数据类型指定排序规则.cpp">
      <Filter>源文件</Filter>
    </ClCompile>
  </ItemGroup>
</Project>